
Microsoft Visual Studio Solution File, Format Version 12.00
# Visual Studio Version 16
VisualStudioVersion = 16.0.29326.143
MinimumVisualStudioVersion = 10.0.40219.1
Project("{9A19103F-16F7-4668-BE54-9A1E7A4F7556}") = "DataCollect.Application", "DataCollect.Application\DataCollect.Application.csproj", "{28EFB108-077E-46A6-8ABA-A080CA16606C}"
EndProject
Project("{9A19103F-16F7-4668-BE54-9A1E7A4F7556}") = "DataCollect.Core", "DataCollect.Core\DataCollect.Core.csproj", "{562520EC-ABDC-46C5-822C-918ECB49D085}"
EndProject
Project("{9A19103F-16F7-4668-BE54-9A1E7A4F7556}") = "DataCollect.EntityFramework.Core", "DataCollect.EntityFramework.Core\DataCollect.EntityFramework.Core.csproj", "{A8E0FF8D-FB3C-41FF-86C2-D01111A12854}"
EndProject
Project("{9A19103F-16F7-4668-BE54-9A1E7A4F7556}") = "DataCollect.Api.Core", "DataCollect.Api.Core\DataCollect.Api.Core.csproj", "{B6C4683C-CD54-4376-A6B8-D83E4DFF40D3}"
EndProject
Project("{9A19103F-16F7-4668-BE54-9A1E7A4F7556}") = "DataCollect.Api", "DataCollect.Api\DataCollect.Api.csproj", "{8E2CE73D-A9D1-4180-9D45-3140B77FF62F}"
EndProject
Project("{9A19103F-16F7-4668-BE54-9A1E7A4F7556}") = "DataCollect.EntityFramework.Migrations", "DataCollect.EntityFramework.Migrations\DataCollect.EntityFramework.Migrations.csproj", "{059330DF-9F62-4C42-8591-E0BA3D7D21B2}"
EndProject
Project("{2150E333-8FDC-42A3-9474-1A3956D46DE8}") = "DataCollectOpcUaServer", "DataCollectOpcUaServer", "{D4BA6133-C2D9-4921-9A50-2367BF3B3693}"
EndProject
Project("{9A19103F-16F7-4668-BE54-9A1E7A4F7556}") = "Kengic.Opcua.Client", "OpcUaServer\Kengic.Opcua.Client\Kengic.Opcua.Client.csproj", "{1179839F-D6C4-4D55-82C3-3D4EBEE6C4F5}"
EndProject
Project("{9A19103F-16F7-4668-BE54-9A1E7A4F7556}") = "Kengic.Opcua.Common", "OpcUaServer\Kengic.Opcua.Common\Kengic.Opcua.Common.csproj", "{F6EE40BC-BE64-4B8B-BD26-70EF47B6A40C}"
EndProject
Project("{9A19103F-16F7-4668-BE54-9A1E7A4F7556}") = "Kengic.Opcua.Entry", "OpcUaServer\Kengic.Opcua.Entry\Kengic.Opcua.Entry.csproj", "{27C6F5F1-4E37-47EA-B31F-D075DBC70660}"
EndProject
Project("{9A19103F-16F7-4668-BE54-9A1E7A4F7556}") = "Kengic.Opcua.Model", "OpcUaServer\Kengic.Opcua.Model\Kengic.Opcua.Model.csproj", "{81ECB9A4-DB5A-4827-B263-ECD7C59D5D65}"
EndProject
Project("{9A19103F-16F7-4668-BE54-9A1E7A4F7556}") = "Kengic.Opcua.Service", "OpcUaServer\Kengic.Opcua.Service\Kengic.Opcua.Service.csproj", "{AC7D5845-6DB8-49EE-A10A-3EB086B1B2E3}"
EndProject
Project("{9A19103F-16F7-4668-BE54-9A1E7A4F7556}") = "KengicCommunication_Core", "KengicCommunication_Core\KengicCommunication_Core.csproj", "{8A0BDFB6-D13F-4881-9F91-24A9B87E977D}"
EndProject
Project("{9A19103F-16F7-4668-BE54-9A1E7A4F7556}") = "KengicCommunication_Server", "KengicCommunication_Core_Server\KengicCommunication_Server.csproj", "{840B8381-D6BA-42D7-88AB-3A05163257F5}"
EndProject
Project("{2150E333-8FDC-42A3-9474-1A3956D46DE8}") = "DataCollectServer", "DataCollectServer", "{CD9EC8AF-7819-4D23-955F-40D7D703808E}"
EndProject
Project("{2150E333-8FDC-42A3-9474-1A3956D46DE8}") = "DataCollectClient", "DataCollectClient", "{CE701CD6-BC18-4B2E-95A3-E6F9112F5EE6}"
EndProject
Project("{2150E333-8FDC-42A3-9474-1A3956D46DE8}") = "DataCollectInterface", "DataCollectInterface", "{0E276502-2C4F-4F6B-9F9F-E48307F5EEA5}"
EndProject
Project("{9A19103F-16F7-4668-BE54-9A1E7A4F7556}") = "DataCollect.Interface.TCPServer", "DataCollect.Interface.TCPServer\DataCollect.Interface.TCPServer.csproj", "{0312633F-174F-42F6-95EC-FAFC36B5DA16}"
EndProject
Project("{9A19103F-16F7-4668-BE54-9A1E7A4F7556}") = "DataCollect.Interface.TCPClient", "DataCollect.Interface.TCPClient\DataCollect.Interface.TCPClient.csproj", "{26F8ACF0-D66B-4358-A868-0F05414E2983}"
EndProject
Project("{2150E333-8FDC-42A3-9474-1A3956D46DE8}") = "Shared", "Shared", "{E9AAC027-436F-4716-8C3C-2B7F4FB98B4B}"
EndProject
Project("{9A19103F-16F7-4668-BE54-9A1E7A4F7556}") = "Kengic.Shared", "Kengic.Shared\Kengic.Shared.csproj", "{99745B03-FA15-40CE-87BC-EDB9FB936C70}"
EndProject
Project("{9A19103F-16F7-4668-BE54-9A1E7A4F7556}") = "DataCollect.Interface.KgMqttServer", "DataCollect.Interface.KgMqttServer\DataCollect.Interface.KgMqttServer.csproj", "{D3F9EA74-E7DC-4E53-BF82-9451CE84760A}"
EndProject
Project("{9A19103F-16F7-4668-BE54-9A1E7A4F7556}") = "DataCollect.Interface.KgMqttClient", "DataCollect.Interface.KgMqttClient\DataCollect.Interface.KgMqttClient.csproj", "{C44CB83E-6A8B-4189-AA2C-7798CE27C2B3}"
EndProject
Project("{9A19103F-16F7-4668-BE54-9A1E7A4F7556}") = "Kengic.Was.Connector.NettyClient", "NettyClient\Kengic.Was.Connector.NettyClient.csproj", "{30C32A0E-05AF-4687-BC41-BC8752C44C65}"
EndProject
Project("{9A19103F-16F7-4668-BE54-9A1E7A4F7556}") = "Kengic.Was.CrossCutting.Netty", "Kengic.Was.CrossCutting.Netty\Kengic.Was.CrossCutting.Netty.csproj", "{A72D97BE-11CF-4B8A-B8CD-5BBD9C04A78E}"
EndProject
Project("{9A19103F-16F7-4668-BE54-9A1E7A4F7556}") = "Kengic.Infrastructure.Protocol.Rds.Commons", "Kengic.Infrastructure.Protocol.Rds.Commons\Kengic.Infrastructure.Protocol.Rds.Commons.csproj", "{9E8AFEE8-046B-43AF-B0A8-542C8C24ADA8}"
EndProject
Project("{9A19103F-16F7-4668-BE54-9A1E7A4F7556}") = "DataCollect.Interface.ReceivePlcTask", "DataCollect.Interface.ReceivePlcTask\DataCollect.Interface.ReceivePlcTask.csproj", "{102D9B53-4851-4E7E-B212-2BA8B94E246E}"
EndProject
Project("{9A19103F-16F7-4668-BE54-9A1E7A4F7556}") = "Kengic.Was.Connector.Common", "Kengic.Was.Connector.Common\Kengic.Was.Connector.Common.csproj", "{5884E0E1-2B10-44E1-8731-8E9499C5E187}"
EndProject
Project("{9A19103F-16F7-4668-BE54-9A1E7A4F7556}") = "Kengic.Was.Connector.NettyServer", "Kengic.Was.Connector.NettyServer\Kengic.Was.Connector.NettyServer.csproj", "{676B8404-25E1-482F-8FF4-C15F2F0047FC}"
EndProject
Project("{9A19103F-16F7-4668-BE54-9A1E7A4F7556}") = "DataCollect.Interface.MQTTnet", "DataCollect.Interface.MQTTnet\DataCollect.Interface.MQTTnet.csproj", "{96CBB68B-EBED-4D35-98BD-F0E290D8C796}"
EndProject
Project("{9A19103F-16F7-4668-BE54-9A1E7A4F7556}") = "DataCollect.Interface.KgMqttClient.TcpService", "DataCollect.Interface.KgMqttClient.TcpService\DataCollect.Interface.KgMqttClient.TcpService.csproj", "{E4D093BD-B774-4510-866A-CF3B86A8B19B}"
EndProject
Project("{FAE04EC0-301F-11D3-BF4B-00C04F79EFBC}") = "DataCollect.Interface.ReceivePSortMachineInformation", "DataCollect.Interface.ReceivePSortMachineInformation\DataCollect.Interface.ReceivePSortMachineInformation.csproj", "{09085033-846E-4686-A848-7373018A58D2}"
EndProject
Global
	GlobalSection(SolutionConfigurationPlatforms) = preSolution
		Debug|Any CPU = Debug|Any CPU
		Debug|x86 = Debug|x86
		Release|Any CPU = Release|Any CPU
		Release|x86 = Release|x86
	EndGlobalSection
	GlobalSection(ProjectConfigurationPlatforms) = postSolution
		{28EFB108-077E-46A6-8ABA-A080CA16606C}.Debug|Any CPU.ActiveCfg = Debug|Any CPU
		{28EFB108-077E-46A6-8ABA-A080CA16606C}.Debug|Any CPU.Build.0 = Debug|Any CPU
		{28EFB108-077E-46A6-8ABA-A080CA16606C}.Debug|x86.ActiveCfg = Debug|Any CPU
		{28EFB108-077E-46A6-8ABA-A080CA16606C}.Debug|x86.Build.0 = Debug|Any CPU
		{28EFB108-077E-46A6-8ABA-A080CA16606C}.Release|Any CPU.ActiveCfg = Release|Any CPU
		{28EFB108-077E-46A6-8ABA-A080CA16606C}.Release|Any CPU.Build.0 = Release|Any CPU
		{28EFB108-077E-46A6-8ABA-A080CA16606C}.Release|x86.ActiveCfg = Release|Any CPU
		{28EFB108-077E-46A6-8ABA-A080CA16606C}.Release|x86.Build.0 = Release|Any CPU
		{562520EC-ABDC-46C5-822C-918ECB49D085}.Debug|Any CPU.ActiveCfg = Debug|Any CPU
		{562520EC-ABDC-46C5-822C-918ECB49D085}.Debug|Any CPU.Build.0 = Debug|Any CPU
		{562520EC-ABDC-46C5-822C-918ECB49D085}.Debug|x86.ActiveCfg = Debug|Any CPU
		{562520EC-ABDC-46C5-822C-918ECB49D085}.Debug|x86.Build.0 = Debug|Any CPU
		{562520EC-ABDC-46C5-822C-918ECB49D085}.Release|Any CPU.ActiveCfg = Release|Any CPU
		{562520EC-ABDC-46C5-822C-918ECB49D085}.Release|Any CPU.Build.0 = Release|Any CPU
		{562520EC-ABDC-46C5-822C-918ECB49D085}.Release|x86.ActiveCfg = Release|Any CPU
		{562520EC-ABDC-46C5-822C-918ECB49D085}.Release|x86.Build.0 = Release|Any CPU
		{A8E0FF8D-FB3C-41FF-86C2-D01111A12854}.Debug|Any CPU.ActiveCfg = Debug|Any CPU
		{A8E0FF8D-FB3C-41FF-86C2-D01111A12854}.Debug|Any CPU.Build.0 = Debug|Any CPU
		{A8E0FF8D-FB3C-41FF-86C2-D01111A12854}.Debug|x86.ActiveCfg = Debug|Any CPU
		{A8E0FF8D-FB3C-41FF-86C2-D01111A12854}.Debug|x86.Build.0 = Debug|Any CPU
		{A8E0FF8D-FB3C-41FF-86C2-D01111A12854}.Release|Any CPU.ActiveCfg = Release|Any CPU
		{A8E0FF8D-FB3C-41FF-86C2-D01111A12854}.Release|Any CPU.Build.0 = Release|Any CPU
		{A8E0FF8D-FB3C-41FF-86C2-D01111A12854}.Release|x86.ActiveCfg = Release|Any CPU
		{A8E0FF8D-FB3C-41FF-86C2-D01111A12854}.Release|x86.Build.0 = Release|Any CPU
		{B6C4683C-CD54-4376-A6B8-D83E4DFF40D3}.Debug|Any CPU.ActiveCfg = Debug|Any CPU
		{B6C4683C-CD54-4376-A6B8-D83E4DFF40D3}.Debug|Any CPU.Build.0 = Debug|Any CPU
		{B6C4683C-CD54-4376-A6B8-D83E4DFF40D3}.Debug|x86.ActiveCfg = Debug|Any CPU
		{B6C4683C-CD54-4376-A6B8-D83E4DFF40D3}.Debug|x86.Build.0 = Debug|Any CPU
		{B6C4683C-CD54-4376-A6B8-D83E4DFF40D3}.Release|Any CPU.ActiveCfg = Release|Any CPU
		{B6C4683C-CD54-4376-A6B8-D83E4DFF40D3}.Release|Any CPU.Build.0 = Release|Any CPU
		{B6C4683C-CD54-4376-A6B8-D83E4DFF40D3}.Release|x86.ActiveCfg = Release|Any CPU
		{B6C4683C-CD54-4376-A6B8-D83E4DFF40D3}.Release|x86.Build.0 = Release|Any CPU
		{8E2CE73D-A9D1-4180-9D45-3140B77FF62F}.Debug|Any CPU.ActiveCfg = Debug|Any CPU
		{8E2CE73D-A9D1-4180-9D45-3140B77FF62F}.Debug|Any CPU.Build.0 = Debug|Any CPU
		{8E2CE73D-A9D1-4180-9D45-3140B77FF62F}.Debug|x86.ActiveCfg = Debug|Any CPU
		{8E2CE73D-A9D1-4180-9D45-3140B77FF62F}.Debug|x86.Build.0 = Debug|Any CPU
		{8E2CE73D-A9D1-4180-9D45-3140B77FF62F}.Release|Any CPU.ActiveCfg = Release|Any CPU
		{8E2CE73D-A9D1-4180-9D45-3140B77FF62F}.Release|Any CPU.Build.0 = Release|Any CPU
		{8E2CE73D-A9D1-4180-9D45-3140B77FF62F}.Release|x86.ActiveCfg = Release|Any CPU
		{8E2CE73D-A9D1-4180-9D45-3140B77FF62F}.Release|x86.Build.0 = Release|Any CPU
		{059330DF-9F62-4C42-8591-E0BA3D7D21B2}.Debug|Any CPU.ActiveCfg = Debug|Any CPU
		{059330DF-9F62-4C42-8591-E0BA3D7D21B2}.Debug|Any CPU.Build.0 = Debug|Any CPU
		{059330DF-9F62-4C42-8591-E0BA3D7D21B2}.Debug|x86.ActiveCfg = Debug|Any CPU
		{059330DF-9F62-4C42-8591-E0BA3D7D21B2}.Debug|x86.Build.0 = Debug|Any CPU
		{059330DF-9F62-4C42-8591-E0BA3D7D21B2}.Release|Any CPU.ActiveCfg = Release|Any CPU
		{059330DF-9F62-4C42-8591-E0BA3D7D21B2}.Release|Any CPU.Build.0 = Release|Any CPU
		{059330DF-9F62-4C42-8591-E0BA3D7D21B2}.Release|x86.ActiveCfg = Release|Any CPU
		{059330DF-9F62-4C42-8591-E0BA3D7D21B2}.Release|x86.Build.0 = Release|Any CPU
		{1179839F-D6C4-4D55-82C3-3D4EBEE6C4F5}.Debug|Any CPU.ActiveCfg = Debug|Any CPU
		{1179839F-D6C4-4D55-82C3-3D4EBEE6C4F5}.Debug|Any CPU.Build.0 = Debug|Any CPU
		{1179839F-D6C4-4D55-82C3-3D4EBEE6C4F5}.Debug|x86.ActiveCfg = Debug|x86
		{1179839F-D6C4-4D55-82C3-3D4EBEE6C4F5}.Debug|x86.Build.0 = Debug|x86
		{1179839F-D6C4-4D55-82C3-3D4EBEE6C4F5}.Release|Any CPU.ActiveCfg = Release|Any CPU
		{1179839F-D6C4-4D55-82C3-3D4EBEE6C4F5}.Release|Any CPU.Build.0 = Release|Any CPU
		{1179839F-D6C4-4D55-82C3-3D4EBEE6C4F5}.Release|x86.ActiveCfg = Release|x86
		{1179839F-D6C4-4D55-82C3-3D4EBEE6C4F5}.Release|x86.Build.0 = Release|x86
		{F6EE40BC-BE64-4B8B-BD26-70EF47B6A40C}.Debug|Any CPU.ActiveCfg = Debug|Any CPU
		{F6EE40BC-BE64-4B8B-BD26-70EF47B6A40C}.Debug|Any CPU.Build.0 = Debug|Any CPU
		{F6EE40BC-BE64-4B8B-BD26-70EF47B6A40C}.Debug|x86.ActiveCfg = Debug|x86
		{F6EE40BC-BE64-4B8B-BD26-70EF47B6A40C}.Debug|x86.Build.0 = Debug|x86
		{F6EE40BC-BE64-4B8B-BD26-70EF47B6A40C}.Release|Any CPU.ActiveCfg = Release|Any CPU
		{F6EE40BC-BE64-4B8B-BD26-70EF47B6A40C}.Release|Any CPU.Build.0 = Release|Any CPU
		{F6EE40BC-BE64-4B8B-BD26-70EF47B6A40C}.Release|x86.ActiveCfg = Release|x86
		{F6EE40BC-BE64-4B8B-BD26-70EF47B6A40C}.Release|x86.Build.0 = Release|x86
		{27C6F5F1-4E37-47EA-B31F-D075DBC70660}.Debug|Any CPU.ActiveCfg = Debug|Any CPU
		{27C6F5F1-4E37-47EA-B31F-D075DBC70660}.Debug|Any CPU.Build.0 = Debug|Any CPU
		{27C6F5F1-4E37-47EA-B31F-D075DBC70660}.Debug|x86.ActiveCfg = Debug|x86
		{27C6F5F1-4E37-47EA-B31F-D075DBC70660}.Debug|x86.Build.0 = Debug|x86
		{27C6F5F1-4E37-47EA-B31F-D075DBC70660}.Release|Any CPU.ActiveCfg = Release|Any CPU
		{27C6F5F1-4E37-47EA-B31F-D075DBC70660}.Release|Any CPU.Build.0 = Release|Any CPU
		{27C6F5F1-4E37-47EA-B31F-D075DBC70660}.Release|x86.ActiveCfg = Release|x86
		{27C6F5F1-4E37-47EA-B31F-D075DBC70660}.Release|x86.Build.0 = Release|x86
		{81ECB9A4-DB5A-4827-B263-ECD7C59D5D65}.Debug|Any CPU.ActiveCfg = Debug|Any CPU
		{81ECB9A4-DB5A-4827-B263-ECD7C59D5D65}.Debug|Any CPU.Build.0 = Debug|Any CPU
		{81ECB9A4-DB5A-4827-B263-ECD7C59D5D65}.Debug|x86.ActiveCfg = Debug|x86
		{81ECB9A4-DB5A-4827-B263-ECD7C59D5D65}.Debug|x86.Build.0 = Debug|x86
		{81ECB9A4-DB5A-4827-B263-ECD7C59D5D65}.Release|Any CPU.ActiveCfg = Release|Any CPU
		{81ECB9A4-DB5A-4827-B263-ECD7C59D5D65}.Release|Any CPU.Build.0 = Release|Any CPU
		{81ECB9A4-DB5A-4827-B263-ECD7C59D5D65}.Release|x86.ActiveCfg = Release|x86
		{81ECB9A4-DB5A-4827-B263-ECD7C59D5D65}.Release|x86.Build.0 = Release|x86
		{AC7D5845-6DB8-49EE-A10A-3EB086B1B2E3}.Debug|Any CPU.ActiveCfg = Debug|Any CPU
		{AC7D5845-6DB8-49EE-A10A-3EB086B1B2E3}.Debug|Any CPU.Build.0 = Debug|Any CPU
		{AC7D5845-6DB8-49EE-A10A-3EB086B1B2E3}.Debug|x86.ActiveCfg = Debug|x86
		{AC7D5845-6DB8-49EE-A10A-3EB086B1B2E3}.Debug|x86.Build.0 = Debug|x86
		{AC7D5845-6DB8-49EE-A10A-3EB086B1B2E3}.Release|Any CPU.ActiveCfg = Release|Any CPU
		{AC7D5845-6DB8-49EE-A10A-3EB086B1B2E3}.Release|Any CPU.Build.0 = Release|Any CPU
		{AC7D5845-6DB8-49EE-A10A-3EB086B1B2E3}.Release|x86.ActiveCfg = Release|x86
		{AC7D5845-6DB8-49EE-A10A-3EB086B1B2E3}.Release|x86.Build.0 = Release|x86
		{8A0BDFB6-D13F-4881-9F91-24A9B87E977D}.Debug|Any CPU.ActiveCfg = Debug|Any CPU
		{8A0BDFB6-D13F-4881-9F91-24A9B87E977D}.Debug|Any CPU.Build.0 = Debug|Any CPU
		{8A0BDFB6-D13F-4881-9F91-24A9B87E977D}.Debug|x86.ActiveCfg = Debug|Any CPU
		{8A0BDFB6-D13F-4881-9F91-24A9B87E977D}.Debug|x86.Build.0 = Debug|Any CPU
		{8A0BDFB6-D13F-4881-9F91-24A9B87E977D}.Release|Any CPU.ActiveCfg = Release|Any CPU
		{8A0BDFB6-D13F-4881-9F91-24A9B87E977D}.Release|Any CPU.Build.0 = Release|Any CPU
		{8A0BDFB6-D13F-4881-9F91-24A9B87E977D}.Release|x86.ActiveCfg = Release|Any CPU
		{8A0BDFB6-D13F-4881-9F91-24A9B87E977D}.Release|x86.Build.0 = Release|Any CPU
		{840B8381-D6BA-42D7-88AB-3A05163257F5}.Debug|Any CPU.ActiveCfg = Debug|Any CPU
		{840B8381-D6BA-42D7-88AB-3A05163257F5}.Debug|Any CPU.Build.0 = Debug|Any CPU
		{840B8381-D6BA-42D7-88AB-3A05163257F5}.Debug|x86.ActiveCfg = Debug|Any CPU
		{840B8381-D6BA-42D7-88AB-3A05163257F5}.Debug|x86.Build.0 = Debug|Any CPU
		{840B8381-D6BA-42D7-88AB-3A05163257F5}.Release|Any CPU.ActiveCfg = Release|Any CPU
		{840B8381-D6BA-42D7-88AB-3A05163257F5}.Release|Any CPU.Build.0 = Release|Any CPU
		{840B8381-D6BA-42D7-88AB-3A05163257F5}.Release|x86.ActiveCfg = Release|Any CPU
		{840B8381-D6BA-42D7-88AB-3A05163257F5}.Release|x86.Build.0 = Release|Any CPU
		{0312633F-174F-42F6-95EC-FAFC36B5DA16}.Debug|Any CPU.ActiveCfg = Debug|Any CPU
		{0312633F-174F-42F6-95EC-FAFC36B5DA16}.Debug|Any CPU.Build.0 = Debug|Any CPU
		{0312633F-174F-42F6-95EC-FAFC36B5DA16}.Debug|x86.ActiveCfg = Debug|Any CPU
		{0312633F-174F-42F6-95EC-FAFC36B5DA16}.Debug|x86.Build.0 = Debug|Any CPU
		{0312633F-174F-42F6-95EC-FAFC36B5DA16}.Release|Any CPU.ActiveCfg = Release|Any CPU
		{0312633F-174F-42F6-95EC-FAFC36B5DA16}.Release|Any CPU.Build.0 = Release|Any CPU
		{0312633F-174F-42F6-95EC-FAFC36B5DA16}.Release|x86.ActiveCfg = Release|Any CPU
		{0312633F-174F-42F6-95EC-FAFC36B5DA16}.Release|x86.Build.0 = Release|Any CPU
		{26F8ACF0-D66B-4358-A868-0F05414E2983}.Debug|Any CPU.ActiveCfg = Debug|Any CPU
		{26F8ACF0-D66B-4358-A868-0F05414E2983}.Debug|Any CPU.Build.0 = Debug|Any CPU
		{26F8ACF0-D66B-4358-A868-0F05414E2983}.Debug|x86.ActiveCfg = Debug|Any CPU
		{26F8ACF0-D66B-4358-A868-0F05414E2983}.Debug|x86.Build.0 = Debug|Any CPU
		{26F8ACF0-D66B-4358-A868-0F05414E2983}.Release|Any CPU.ActiveCfg = Release|Any CPU
		{26F8ACF0-D66B-4358-A868-0F05414E2983}.Release|Any CPU.Build.0 = Release|Any CPU
		{26F8ACF0-D66B-4358-A868-0F05414E2983}.Release|x86.ActiveCfg = Release|Any CPU
		{26F8ACF0-D66B-4358-A868-0F05414E2983}.Release|x86.Build.0 = Release|Any CPU
		{99745B03-FA15-40CE-87BC-EDB9FB936C70}.Debug|Any CPU.ActiveCfg = Debug|Any CPU
		{99745B03-FA15-40CE-87BC-EDB9FB936C70}.Debug|Any CPU.Build.0 = Debug|Any CPU
		{99745B03-FA15-40CE-87BC-EDB9FB936C70}.Debug|x86.ActiveCfg = Debug|Any CPU
		{99745B03-FA15-40CE-87BC-EDB9FB936C70}.Debug|x86.Build.0 = Debug|Any CPU
		{99745B03-FA15-40CE-87BC-EDB9FB936C70}.Release|Any CPU.ActiveCfg = Release|Any CPU
		{99745B03-FA15-40CE-87BC-EDB9FB936C70}.Release|Any CPU.Build.0 = Release|Any CPU
		{99745B03-FA15-40CE-87BC-EDB9FB936C70}.Release|x86.ActiveCfg = Release|Any CPU
		{99745B03-FA15-40CE-87BC-EDB9FB936C70}.Release|x86.Build.0 = Release|Any CPU
		{D3F9EA74-E7DC-4E53-BF82-9451CE84760A}.Debug|Any CPU.ActiveCfg = Debug|Any CPU
		{D3F9EA74-E7DC-4E53-BF82-9451CE84760A}.Debug|Any CPU.Build.0 = Debug|Any CPU
		{D3F9EA74-E7DC-4E53-BF82-9451CE84760A}.Debug|x86.ActiveCfg = Debug|Any CPU
		{D3F9EA74-E7DC-4E53-BF82-9451CE84760A}.Debug|x86.Build.0 = Debug|Any CPU
		{D3F9EA74-E7DC-4E53-BF82-9451CE84760A}.Release|Any CPU.ActiveCfg = Release|Any CPU
		{D3F9EA74-E7DC-4E53-BF82-9451CE84760A}.Release|Any CPU.Build.0 = Release|Any CPU
		{D3F9EA74-E7DC-4E53-BF82-9451CE84760A}.Release|x86.ActiveCfg = Release|Any CPU
		{D3F9EA74-E7DC-4E53-BF82-9451CE84760A}.Release|x86.Build.0 = Release|Any CPU
		{C44CB83E-6A8B-4189-AA2C-7798CE27C2B3}.Debug|Any CPU.ActiveCfg = Debug|Any CPU
		{C44CB83E-6A8B-4189-AA2C-7798CE27C2B3}.Debug|Any CPU.Build.0 = Debug|Any CPU
		{C44CB83E-6A8B-4189-AA2C-7798CE27C2B3}.Debug|x86.ActiveCfg = Debug|Any CPU
		{C44CB83E-6A8B-4189-AA2C-7798CE27C2B3}.Debug|x86.Build.0 = Debug|Any CPU
		{C44CB83E-6A8B-4189-AA2C-7798CE27C2B3}.Release|Any CPU.ActiveCfg = Release|Any CPU
		{C44CB83E-6A8B-4189-AA2C-7798CE27C2B3}.Release|Any CPU.Build.0 = Release|Any CPU
		{C44CB83E-6A8B-4189-AA2C-7798CE27C2B3}.Release|x86.ActiveCfg = Release|Any CPU
		{C44CB83E-6A8B-4189-AA2C-7798CE27C2B3}.Release|x86.Build.0 = Release|Any CPU
		{30C32A0E-05AF-4687-BC41-BC8752C44C65}.Debug|Any CPU.ActiveCfg = Debug|Any CPU
		{30C32A0E-05AF-4687-BC41-BC8752C44C65}.Debug|Any CPU.Build.0 = Debug|Any CPU
		{30C32A0E-05AF-4687-BC41-BC8752C44C65}.Debug|x86.ActiveCfg = Debug|Any CPU
		{30C32A0E-05AF-4687-BC41-BC8752C44C65}.Debug|x86.Build.0 = Debug|Any CPU
		{30C32A0E-05AF-4687-BC41-BC8752C44C65}.Release|Any CPU.ActiveCfg = Release|Any CPU
		{30C32A0E-05AF-4687-BC41-BC8752C44C65}.Release|Any CPU.Build.0 = Release|Any CPU
		{30C32A0E-05AF-4687-BC41-BC8752C44C65}.Release|x86.ActiveCfg = Release|Any CPU
		{30C32A0E-05AF-4687-BC41-BC8752C44C65}.Release|x86.Build.0 = Release|Any CPU
		{A72D97BE-11CF-4B8A-B8CD-5BBD9C04A78E}.Debug|Any CPU.ActiveCfg = Debug|Any CPU
		{A72D97BE-11CF-4B8A-B8CD-5BBD9C04A78E}.Debug|Any CPU.Build.0 = Debug|Any CPU
		{A72D97BE-11CF-4B8A-B8CD-5BBD9C04A78E}.Debug|x86.ActiveCfg = Debug|Any CPU
		{A72D97BE-11CF-4B8A-B8CD-5BBD9C04A78E}.Debug|x86.Build.0 = Debug|Any CPU
		{A72D97BE-11CF-4B8A-B8CD-5BBD9C04A78E}.Release|Any CPU.ActiveCfg = Release|Any CPU
		{A72D97BE-11CF-4B8A-B8CD-5BBD9C04A78E}.Release|Any CPU.Build.0 = Release|Any CPU
		{A72D97BE-11CF-4B8A-B8CD-5BBD9C04A78E}.Release|x86.ActiveCfg = Release|Any CPU
		{A72D97BE-11CF-4B8A-B8CD-5BBD9C04A78E}.Release|x86.Build.0 = Release|Any CPU
		{9E8AFEE8-046B-43AF-B0A8-542C8C24ADA8}.Debug|Any CPU.ActiveCfg = Debug|Any CPU
		{9E8AFEE8-046B-43AF-B0A8-542C8C24ADA8}.Debug|Any CPU.Build.0 = Debug|Any CPU
		{9E8AFEE8-046B-43AF-B0A8-542C8C24ADA8}.Debug|x86.ActiveCfg = Debug|Any CPU
		{9E8AFEE8-046B-43AF-B0A8-542C8C24ADA8}.Debug|x86.Build.0 = Debug|Any CPU
		{9E8AFEE8-046B-43AF-B0A8-542C8C24ADA8}.Release|Any CPU.ActiveCfg = Release|Any CPU
		{9E8AFEE8-046B-43AF-B0A8-542C8C24ADA8}.Release|Any CPU.Build.0 = Release|Any CPU
		{9E8AFEE8-046B-43AF-B0A8-542C8C24ADA8}.Release|x86.ActiveCfg = Release|Any CPU
		{9E8AFEE8-046B-43AF-B0A8-542C8C24ADA8}.Release|x86.Build.0 = Release|Any CPU
		{102D9B53-4851-4E7E-B212-2BA8B94E246E}.Debug|Any CPU.ActiveCfg = Debug|Any CPU
		{102D9B53-4851-4E7E-B212-2BA8B94E246E}.Debug|Any CPU.Build.0 = Debug|Any CPU
		{102D9B53-4851-4E7E-B212-2BA8B94E246E}.Debug|x86.ActiveCfg = Debug|Any CPU
		{102D9B53-4851-4E7E-B212-2BA8B94E246E}.Debug|x86.Build.0 = Debug|Any CPU
		{102D9B53-4851-4E7E-B212-2BA8B94E246E}.Release|Any CPU.ActiveCfg = Release|Any CPU
		{102D9B53-4851-4E7E-B212-2BA8B94E246E}.Release|Any CPU.Build.0 = Release|Any CPU
		{102D9B53-4851-4E7E-B212-2BA8B94E246E}.Release|x86.ActiveCfg = Release|Any CPU
		{102D9B53-4851-4E7E-B212-2BA8B94E246E}.Release|x86.Build.0 = Release|Any CPU
		{5884E0E1-2B10-44E1-8731-8E9499C5E187}.Debug|Any CPU.ActiveCfg = Debug|Any CPU
		{5884E0E1-2B10-44E1-8731-8E9499C5E187}.Debug|Any CPU.Build.0 = Debug|Any CPU
		{5884E0E1-2B10-44E1-8731-8E9499C5E187}.Debug|x86.ActiveCfg = Debug|Any CPU
		{5884E0E1-2B10-44E1-8731-8E9499C5E187}.Debug|x86.Build.0 = Debug|Any CPU
		{5884E0E1-2B10-44E1-8731-8E9499C5E187}.Release|Any CPU.ActiveCfg = Release|Any CPU
		{5884E0E1-2B10-44E1-8731-8E9499C5E187}.Release|Any CPU.Build.0 = Release|Any CPU
		{5884E0E1-2B10-44E1-8731-8E9499C5E187}.Release|x86.ActiveCfg = Release|Any CPU
		{5884E0E1-2B10-44E1-8731-8E9499C5E187}.Release|x86.Build.0 = Release|Any CPU
		{676B8404-25E1-482F-8FF4-C15F2F0047FC}.Debug|Any CPU.ActiveCfg = Debug|Any CPU
		{676B8404-25E1-482F-8FF4-C15F2F0047FC}.Debug|Any CPU.Build.0 = Debug|Any CPU
		{676B8404-25E1-482F-8FF4-C15F2F0047FC}.Debug|x86.ActiveCfg = Debug|Any CPU
		{676B8404-25E1-482F-8FF4-C15F2F0047FC}.Debug|x86.Build.0 = Debug|Any CPU
		{676B8404-25E1-482F-8FF4-C15F2F0047FC}.Release|Any CPU.ActiveCfg = Release|Any CPU
		{676B8404-25E1-482F-8FF4-C15F2F0047FC}.Release|Any CPU.Build.0 = Release|Any CPU
		{676B8404-25E1-482F-8FF4-C15F2F0047FC}.Release|x86.ActiveCfg = Release|Any CPU
		{676B8404-25E1-482F-8FF4-C15F2F0047FC}.Release|x86.Build.0 = Release|Any CPU
		{96CBB68B-EBED-4D35-98BD-F0E290D8C796}.Debug|Any CPU.ActiveCfg = Debug|Any CPU
		{96CBB68B-EBED-4D35-98BD-F0E290D8C796}.Debug|Any CPU.Build.0 = Debug|Any CPU
		{96CBB68B-EBED-4D35-98BD-F0E290D8C796}.Debug|x86.ActiveCfg = Debug|Any CPU
		{96CBB68B-EBED-4D35-98BD-F0E290D8C796}.Debug|x86.Build.0 = Debug|Any CPU
		{96CBB68B-EBED-4D35-98BD-F0E290D8C796}.Release|Any CPU.ActiveCfg = Release|Any CPU
		{96CBB68B-EBED-4D35-98BD-F0E290D8C796}.Release|Any CPU.Build.0 = Release|Any CPU
		{96CBB68B-EBED-4D35-98BD-F0E290D8C796}.Release|x86.ActiveCfg = Release|Any CPU
		{96CBB68B-EBED-4D35-98BD-F0E290D8C796}.Release|x86.Build.0 = Release|Any CPU
		{E4D093BD-B774-4510-866A-CF3B86A8B19B}.Debug|Any CPU.ActiveCfg = Debug|Any CPU
		{E4D093BD-B774-4510-866A-CF3B86A8B19B}.Debug|Any CPU.Build.0 = Debug|Any CPU
		{E4D093BD-B774-4510-866A-CF3B86A8B19B}.Debug|x86.ActiveCfg = Debug|Any CPU
		{E4D093BD-B774-4510-866A-CF3B86A8B19B}.Debug|x86.Build.0 = Debug|Any CPU
		{E4D093BD-B774-4510-866A-CF3B86A8B19B}.Release|Any CPU.ActiveCfg = Release|Any CPU
		{E4D093BD-B774-4510-866A-CF3B86A8B19B}.Release|Any CPU.Build.0 = Release|Any CPU
		{E4D093BD-B774-4510-866A-CF3B86A8B19B}.Release|x86.ActiveCfg = Release|Any CPU
		{E4D093BD-B774-4510-866A-CF3B86A8B19B}.Release|x86.Build.0 = Release|Any CPU
		{09085033-846E-4686-A848-7373018A58D2}.Debug|Any CPU.ActiveCfg = Debug|Any CPU
		{09085033-846E-4686-A848-7373018A58D2}.Debug|Any CPU.Build.0 = Debug|Any CPU
		{09085033-846E-4686-A848-7373018A58D2}.Debug|x86.ActiveCfg = Debug|Any CPU
		{09085033-846E-4686-A848-7373018A58D2}.Debug|x86.Build.0 = Debug|Any CPU
		{09085033-846E-4686-A848-7373018A58D2}.Release|Any CPU.ActiveCfg = Release|Any CPU
		{09085033-846E-4686-A848-7373018A58D2}.Release|Any CPU.Build.0 = Release|Any CPU
		{09085033-846E-4686-A848-7373018A58D2}.Release|x86.ActiveCfg = Release|Any CPU
		{09085033-846E-4686-A848-7373018A58D2}.Release|x86.Build.0 = Release|Any CPU
	EndGlobalSection
	GlobalSection(SolutionProperties) = preSolution
		HideSolutionNode = FALSE
	EndGlobalSection
	GlobalSection(NestedProjects) = preSolution
		{28EFB108-077E-46A6-8ABA-A080CA16606C} = {CE701CD6-BC18-4B2E-95A3-E6F9112F5EE6}
		{562520EC-ABDC-46C5-822C-918ECB49D085} = {CE701CD6-BC18-4B2E-95A3-E6F9112F5EE6}
		{A8E0FF8D-FB3C-41FF-86C2-D01111A12854} = {CE701CD6-BC18-4B2E-95A3-E6F9112F5EE6}
		{B6C4683C-CD54-4376-A6B8-D83E4DFF40D3} = {CE701CD6-BC18-4B2E-95A3-E6F9112F5EE6}
		{8E2CE73D-A9D1-4180-9D45-3140B77FF62F} = {CE701CD6-BC18-4B2E-95A3-E6F9112F5EE6}
		{059330DF-9F62-4C42-8591-E0BA3D7D21B2} = {CE701CD6-BC18-4B2E-95A3-E6F9112F5EE6}
		{1179839F-D6C4-4D55-82C3-3D4EBEE6C4F5} = {D4BA6133-C2D9-4921-9A50-2367BF3B3693}
		{F6EE40BC-BE64-4B8B-BD26-70EF47B6A40C} = {D4BA6133-C2D9-4921-9A50-2367BF3B3693}
		{27C6F5F1-4E37-47EA-B31F-D075DBC70660} = {D4BA6133-C2D9-4921-9A50-2367BF3B3693}
		{81ECB9A4-DB5A-4827-B263-ECD7C59D5D65} = {D4BA6133-C2D9-4921-9A50-2367BF3B3693}
		{AC7D5845-6DB8-49EE-A10A-3EB086B1B2E3} = {D4BA6133-C2D9-4921-9A50-2367BF3B3693}
		{8A0BDFB6-D13F-4881-9F91-24A9B87E977D} = {CD9EC8AF-7819-4D23-955F-40D7D703808E}
		{840B8381-D6BA-42D7-88AB-3A05163257F5} = {CD9EC8AF-7819-4D23-955F-40D7D703808E}
		{0312633F-174F-42F6-95EC-FAFC36B5DA16} = {0E276502-2C4F-4F6B-9F9F-E48307F5EEA5}
		{26F8ACF0-D66B-4358-A868-0F05414E2983} = {0E276502-2C4F-4F6B-9F9F-E48307F5EEA5}
		{99745B03-FA15-40CE-87BC-EDB9FB936C70} = {E9AAC027-436F-4716-8C3C-2B7F4FB98B4B}
		{D3F9EA74-E7DC-4E53-BF82-9451CE84760A} = {0E276502-2C4F-4F6B-9F9F-E48307F5EEA5}
		{C44CB83E-6A8B-4189-AA2C-7798CE27C2B3} = {0E276502-2C4F-4F6B-9F9F-E48307F5EEA5}
		{30C32A0E-05AF-4687-BC41-BC8752C44C65} = {CE701CD6-BC18-4B2E-95A3-E6F9112F5EE6}
		{A72D97BE-11CF-4B8A-B8CD-5BBD9C04A78E} = {CE701CD6-BC18-4B2E-95A3-E6F9112F5EE6}
		{9E8AFEE8-046B-43AF-B0A8-542C8C24ADA8} = {CE701CD6-BC18-4B2E-95A3-E6F9112F5EE6}
		{102D9B53-4851-4E7E-B212-2BA8B94E246E} = {0E276502-2C4F-4F6B-9F9F-E48307F5EEA5}
		{5884E0E1-2B10-44E1-8731-8E9499C5E187} = {CE701CD6-BC18-4B2E-95A3-E6F9112F5EE6}
		{676B8404-25E1-482F-8FF4-C15F2F0047FC} = {CE701CD6-BC18-4B2E-95A3-E6F9112F5EE6}
		{96CBB68B-EBED-4D35-98BD-F0E290D8C796} = {0E276502-2C4F-4F6B-9F9F-E48307F5EEA5}
		{09085033-846E-4686-A848-7373018A58D2} = {0E276502-2C4F-4F6B-9F9F-E48307F5EEA5}
	EndGlobalSection
	GlobalSection(ExtensibilityGlobals) = postSolution
		SolutionGuid = {E62B3FCE-DA0A-4FCB-9495-855285043A9D}
	EndGlobalSection
EndGlobal
